
Microsoft Visual Studio Solution File, Format Version 12.00
# Visual Studio Version 16
VisualStudioVersion = 16.0.29613.14
MinimumVisualStudioVersion = 10.0.40219.1
Project("{FAE04EC0-301F-11D3-BF4B-00C04F79EFBC}") = "Bank", "Bank\Bank.csproj", "{ACAB1EC1-BDE6-489D-8F37-69A47AF43CF5}"
EndProject
Project("{FAE04EC0-301F-11D3-BF4B-00C04F79EFBC}") = "BankTests", "BankTests\BankTests.csproj", "{0EA4A91D-DCA0-4588-8699-412083350532}"
EndProject
Global
	GlobalSection(SolutionConfigurationPlatforms) = preSolution
		Debug|Any CPU = Debug|Any CPU
		Release|Any CPU = Release|Any CPU
	EndGlobalSection
	GlobalSection(ProjectConfigurationPlatforms) = postSolution
		{ACAB1EC1-BDE6-489D-8F37-69A47AF43CF5}.Debug|Any CPU.ActiveCfg = Debug|Any CPU
		{ACAB1EC1-BDE6-489D-8F37-69A47AF43CF5}.Debug|Any CPU.Build.0 = Debug|Any CPU
		{ACAB1EC1-BDE6-489D-8F37-69A47AF43CF5}.Release|Any CPU.ActiveCfg = Release|Any CPU
		{ACAB1EC1-BDE6-489D-8F37-69A47AF43CF5}.Release|Any CPU.Build.0 = Release|Any CPU
		{0EA4A91D-DCA0-4588-8699-412083350532}.Debug|Any CPU.ActiveCfg = Debug|Any CPU
		{0EA4A91D-DCA0-4588-8699-412083350532}.Debug|Any CPU.Build.0 = Debug|Any CPU
		{0EA4A91D-DCA0-4588-8699-412083350532}.Release|Any CPU.ActiveCfg = Release|Any CPU
		{0EA4A91D-DCA0-4588-8699-412083350532}.Release|Any CPU.Build.0 = Release|Any CPU
	EndGlobalSection
	GlobalSection(SolutionProperties) = preSolution
		HideSolutionNode = FALSE
	EndGlobalSection
	GlobalSection(ExtensibilityGlobals) = postSolution
		SolutionGuid = {33B33823-36EE-4876-8243-437CE4A14987}
	EndGlobalSection
EndGlobal
